
Microsoft Visual Studio Solution File, Format Version 12.00
# Visual Studio Version 17
VisualStudioVersion = 17.11.35312.102
MinimumVisualStudioVersion = 10.0.40219.1
Project("{9A19103F-16F7-4668-BE54-9A1E7A4F7556}") = "E-Wybory", "E-Wybory\E-Wybory\E-Wybory.csproj", "{D2EFB7CA-FCAF-4A0F-85B1-E215EDDC8056}"
EndProject
Project("{9A19103F-16F7-4668-BE54-9A1E7A4F7556}") = "E-Wybory.Client", "E-Wybory\E-Wybory.Client\E-Wybory.Client.csproj", "{5EC42E4E-13E4-4D9E-814B-E76B5EEB889C}"
EndProject
Project("{9A19103F-16F7-4668-BE54-9A1E7A4F7556}") = "E-Wybory.Domain", "Domain\E-Wybory.Domain.csproj", "{AF43CF03-1175-487E-BF99-C0CFD7402EC8}"
EndProject
Project("{9A19103F-16F7-4668-BE54-9A1E7A4F7556}") = "E-Wybory.Infrastructure", "E-Wybory.Infrastructure\E-Wybory.Infrastructure.csproj", "{7B58A977-AA77-4709-AD00-194A4D1E2934}"
EndProject
Project("{9A19103F-16F7-4668-BE54-9A1E7A4F7556}") = "E-Wybory.Application", "E-Wybory.Application\E-Wybory.Application.csproj", "{48E88345-3562-4BCD-9FC3-5A6B436C2A00}"
EndProject
Project("{9A19103F-16F7-4668-BE54-9A1E7A4F7556}") = "E-Wybory.Test", "E-Wybory.Test\E-Wybory.Test.csproj", "{32910A79-1779-493A-814C-351E1E988ED3}"
EndProject
Global
	GlobalSection(SolutionConfigurationPlatforms) = preSolution
		Debug|Any CPU = Debug|Any CPU
		Release|Any CPU = Release|Any CPU
	EndGlobalSection
	GlobalSection(ProjectConfigurationPlatforms) = postSolution
		{D2EFB7CA-FCAF-4A0F-85B1-E215EDDC8056}.Debug|Any CPU.ActiveCfg = Debug|Any CPU
		{D2EFB7CA-FCAF-4A0F-85B1-E215EDDC8056}.Debug|Any CPU.Build.0 = Debug|Any CPU
		{D2EFB7CA-FCAF-4A0F-85B1-E215EDDC8056}.Release|Any CPU.ActiveCfg = Release|Any CPU
		{D2EFB7CA-FCAF-4A0F-85B1-E215EDDC8056}.Release|Any CPU.Build.0 = Release|Any CPU
		{5EC42E4E-13E4-4D9E-814B-E76B5EEB889C}.Debug|Any CPU.ActiveCfg = Debug|Any CPU
		{5EC42E4E-13E4-4D9E-814B-E76B5EEB889C}.Debug|Any CPU.Build.0 = Debug|Any CPU
		{5EC42E4E-13E4-4D9E-814B-E76B5EEB889C}.Release|Any CPU.ActiveCfg = Release|Any CPU
		{5EC42E4E-13E4-4D9E-814B-E76B5EEB889C}.Release|Any CPU.Build.0 = Release|Any CPU
		{AF43CF03-1175-487E-BF99-C0CFD7402EC8}.Debug|Any CPU.ActiveCfg = Debug|Any CPU
		{AF43CF03-1175-487E-BF99-C0CFD7402EC8}.Debug|Any CPU.Build.0 = Debug|Any CPU
		{AF43CF03-1175-487E-BF99-C0CFD7402EC8}.Release|Any CPU.ActiveCfg = Release|Any CPU
		{AF43CF03-1175-487E-BF99-C0CFD7402EC8}.Release|Any CPU.Build.0 = Release|Any CPU
		{7B58A977-AA77-4709-AD00-194A4D1E2934}.Debug|Any CPU.ActiveCfg = Debug|Any CPU
		{7B58A977-AA77-4709-AD00-194A4D1E2934}.Debug|Any CPU.Build.0 = Debug|Any CPU
		{7B58A977-AA77-4709-AD00-194A4D1E2934}.Release|Any CPU.ActiveCfg = Release|Any CPU
		{7B58A977-AA77-4709-AD00-194A4D1E2934}.Release|Any CPU.Build.0 = Release|Any CPU
		{48E88345-3562-4BCD-9FC3-5A6B436C2A00}.Debug|Any CPU.ActiveCfg = Debug|Any CPU
		{48E88345-3562-4BCD-9FC3-5A6B436C2A00}.Debug|Any CPU.Build.0 = Debug|Any CPU
		{48E88345-3562-4BCD-9FC3-5A6B436C2A00}.Release|Any CPU.ActiveCfg = Release|Any CPU
		{48E88345-3562-4BCD-9FC3-5A6B436C2A00}.Release|Any CPU.Build.0 = Release|Any CPU
		{32910A79-1779-493A-814C-351E1E988ED3}.Debug|Any CPU.ActiveCfg = Debug|Any CPU
		{32910A79-1779-493A-814C-351E1E988ED3}.Release|Any CPU.ActiveCfg = Release|Any CPU
		{32910A79-1779-493A-814C-351E1E988ED3}.Release|Any CPU.Build.0 = Release|Any CPU
	EndGlobalSection
	GlobalSection(SolutionProperties) = preSolution
		HideSolutionNode = FALSE
	EndGlobalSection
	GlobalSection(ExtensibilityGlobals) = postSolution
		SolutionGuid = {97EBCAFF-C39E-4BC8-AFCE-F781B8B1A874}
	EndGlobalSection
EndGlobal
